// !$*UTF8*$!
{
	archiveVersion = 1;
	classes = {
	};
	objectVersion = 55;
	objects = {

/* Begin PBXBuildFile section */
		BA95551E27DA1B0000E609BB /* ParadumiApp.swift in Sources */ = {isa = PBXBuildFile; fileRef = BA95551D27DA1B0000E609BB /* ParadumiApp.swift */; };
		BA95552027DA1B0000E609BB /* ContentView.swift in Sources */ = {isa = PBXBuildFile; fileRef = BA95551F27DA1B0000E609BB /* ContentView.swift */; };
		BA95552227DA1B0100E609BB /* Assets.xcassets in Resources */ = {isa = PBXBuildFile; fileRef = BA95552127DA1B0100E609BB /* Assets.xcassets */; };
		BA95552527DA1B0100E609BB /* Preview Assets.xcassets in Resources */ = {isa = PBXBuildFile; fileRef = BA95552427DA1B0100E609BB /* Preview Assets.xcassets */; };
		BA95552C27DA1C7B00E609BB /* Darbība.swift in Sources */ = {isa = PBXBuildFile; fileRef = BA95552B27DA1C7B00E609BB /* Darbība.swift */; };
		BA95552E27DA1D1400E609BB /* Darbības.swift in Sources */ = {isa = PBXBuildFile; fileRef = BA95552D27DA1D1400E609BB /* Darbības.swift */; };
		BA95553227DA274800E609BB /* AddActivity.swift in Sources */ = {isa = PBXBuildFile; fileRef = BA95553127DA274800E609BB /* AddActivity.swift */; };
		BA95553427DA2BD100E609BB /* ActivityView.swift in Sources */ = {isa = PBXBuildFile; fileRef = BA95553327DA2BD100E609BB /* ActivityView.swift */; };
/* End PBXBuildFile section */

/* Begin PBXFileReference section */
		BA95551A27DA1B0000E609BB /* Paradumi.app */ = {isa = PBXFileReference; explicitFileType = wrapper.application; includeInIndex = 0; path = Paradumi.app; sourceTree = BUILT_PRODUCTS_DIR; };
		BA95551D27DA1B0000E609BB /* ParadumiApp.swift */ = {isa = PBXFileReference; lastKnownFileType = sourcecode.swift; path = ParadumiApp.swift; sourceTree = "<group>"; };
		BA95551F27DA1B0000E609BB /* ContentView.swift */ = {isa = PBXFileReference; lastKnownFileType = sourcecode.swift; path = ContentView.swift; sourceTree = "<group>"; };
		BA95552127DA1B0100E609BB /* Assets.xcassets */ = {isa = PBXFileReference; lastKnownFileType = folder.assetcatalog; path = Assets.xcassets; sourceTree = "<group>"; };
		BA95552427DA1B0100E609BB /* Preview Assets.xcassets */ = {isa = PBXFileReference; lastKnownFileType = folder.assetcatalog; path = "Preview Assets.xcassets"; sourceTree = "<group>"; };
		BA95552B27DA1C7B00E609BB /* Darbība.swift */ = {isa = PBXFileReference; lastKnownFileType = sourcecode.swift; path = "Darbība.swift"; sourceTree = "<group>"; };
		BA95552D27DA1D1400E609BB /* Darbības.swift */ = {isa = PBXFileReference; lastKnownFileType = sourcecode.swift; path = "Darbības.swift"; sourceTree = "<group>"; };
		BA95553127DA274800E609BB /* AddActivity.swift */ = {isa = PBXFileReference; lastKnownFileType = sourcecode.swift; path = AddActivity.swift; sourceTree = "<group>"; };
		BA95553327DA2BD100E609BB /* ActivityView.swift */ = {isa = PBXFileReference; lastKnownFileType = sourcecode.swift; path = ActivityView.swift; sourceTree = "<group>"; };
/* End PBXFileReference section */

/* Begin PBXFrameworksBuildPhase section */
		BA95551727DA1B0000E609BB /* Frameworks */ = {
			isa = PBXFrameworksBuildPhase;
			buildActionMask = 2147483647;
			files = (
			);
			runOnlyForDeploymentPostprocessing = 0;
		};
/* End PBXFrameworksBuildPhase section */

/* Begin PBXGroup section */
		BA95551127DA1B0000E609BB = {
			isa = PBXGroup;
			children = (
				BA95551C27DA1B0000E609BB /* Paradumi */,
				BA95551B27DA1B0000E609BB /* Products */,
			);
			sourceTree = "<group>";
		};
		BA95551B27DA1B0000E609BB /* Products */ = {
			isa = PBXGroup;
			children = (
				BA95551A27DA1B0000E609BB /* Paradumi.app */,
			);
			name = Products;
			sourceTree = "<group>";
		};
		BA95551C27DA1B0000E609BB /* Paradumi */ = {
			isa = PBXGroup;
			children = (
				BA95551D27DA1B0000E609BB /* ParadumiApp.swift */,
				BA95551F27DA1B0000E609BB /* ContentView.swift */,
				BA95553327DA2BD100E609BB /* ActivityView.swift */,
				BA95552B27DA1C7B00E609BB /* Darbība.swift */,
				BA95552D27DA1D1400E609BB /* Darbības.swift */,
				BA95553127DA274800E609BB /* AddActivity.swift */,
				BA95552127DA1B0100E609BB /* Assets.xcassets */,
				BA95552327DA1B0100E609BB /* Preview Content */,
			);
			path = Paradumi;
			sourceTree = "<group>";
		};
		BA95552327DA1B0100E609BB /* Preview Content */ = {
			isa = PBXGroup;
			children = (
				BA95552427DA1B0100E609BB /* Preview Assets.xcassets */,
			);
			path = "Preview Content";
			sourceTree = "<group>";
		};
/* End PBXGroup section */

/* Begin PBXNativeTarget section */
		BA95551927DA1B0000E609BB /* Paradumi */ = {
			isa = PBXNativeTarget;
			buildConfigurationList = BA95552827DA1B0100E609BB /* Build configuration list for PBXNativeTarget "Paradumi" */;
			buildPhases = (
				BA95551627DA1B0000E609BB /* Sources */,
				BA95551727DA1B0000E609BB /* Frameworks */,
				BA95551827DA1B0000E609BB /* Resources */,
			);
			buildRules = (
			);
			dependencies = (
			);
			name = Paradumi;
			productName = Paradumi;
			productReference = BA95551A27DA1B0000E609BB /* Paradumi.app */;
			productType = "com.apple.product-type.application";
		};
/* End PBXNativeTarget section */

/* Begin PBXProject section */
		BA95551227DA1B0000E609BB /* Project object */ = {
			isa = PBXProject;
			attributes = {
				BuildIndependentTargetsInParallel = 1;
				LastSwiftUpdateCheck = 1320;
				LastUpgradeCheck = 1320;
				TargetAttributes = {
					BA95551927DA1B0000E609BB = {
						CreatedOnToolsVersion = 13.2.1;
					};
				};
			};
			buildConfigurationList = BA95551527DA1B0000E609BB /* Build configuration list for PBXProject "Paradumi" */;
			compatibilityVersion = "Xcode 13.0";
			developmentRegion = en;
			hasScannedForEncodings = 0;
			knownRegions = (
				en,
				Base,
			);
			mainGroup = BA95551127DA1B0000E609BB;
			productRefGroup = BA95551B27DA1B0000E609BB /* Products */;
			projectDirPath = "";
			projectRoot = "";
			targets = (
				BA95551927DA1B0000E609BB /* Paradumi */,
			);
		};
/* End PBXProject section */

/* Begin PBXResourcesBuildPhase section */
		BA95551827DA1B0000E609BB /* Resources */ = {
			isa = PBXResourcesBuildPhase;
			buildActionMask = 2147483647;
			files = (
				BA95552527DA1B0100E609BB /* Preview Assets.xcassets in Resources */,
				BA95552227DA1B0100E609BB /* Assets.xcassets in Resources */,
			);
			runOnlyForDeploymentPostprocessing = 0;
		};
/* End PBXResourcesBuildPhase section */

/* Begin PBXSourcesBuildPhase section */
		BA95551627DA1B0000E609BB /* Sources */ = {
			isa = PBXSourcesBuildPhase;
			buildActionMask = 2147483647;
			files = (
				BA95552027DA1B0000E609BB /* ContentView.swift in Sources */,
				BA95552C27DA1C7B00E609BB /* Darbība.swift in Sources */,
				BA95553227DA274800E609BB /* AddActivity.swift in Sources */,
				BA95552E27DA1D1400E609BB /* Darbības.swift in Sources */,
				BA95551E27DA1B0000E609BB /* ParadumiApp.swift in Sources */,
				BA95553427DA2BD100E609BB /* ActivityView.swift in Sources */,
			);
			runOnlyForDeploymentPostprocessing = 0;
		};
/* End PBXSourcesBuildPhase section */

/* Begin XCBuildConfiguration section */
		BA95552627DA1B0100E609BB /* Debug */ = {
			isa = XCBuildConfiguration;
			buildSettings = {
				ALWAYS_SEARCH_USER_PATHS = NO;
				CLANG_ANALYZER_NONNULL = YES;
				CLANG_ANALYZER_NUMBER_OBJECT_CONVERSION = YES_AGGRESSIVE;
				CLANG_CXX_LANGUAGE_STANDARD = "gnu++17";
				CLANG_CXX_LIBRARY = "libc++";
				CLANG_ENABLE_MODULES = YES;
				CLANG_ENABLE_OBJC_ARC = YES;
				CLANG_ENABLE_OBJC_WEAK = YES;
				CLANG_WARN_BLOCK_CAPTURE_AUTORELEASING = YES;
				CLANG_WARN_BOOL_CONVERSION = YES;
				CLANG_WARN_COMMA = YES;
				CLANG_WARN_CONSTANT_CONVERSION = YES;
				CLANG_WARN_DEPRECATED_OBJC_IMPLEMENTATIONS = YES;
				CLANG_WARN_DIRECT_OBJC_ISA_USAGE = YES_ERROR;
				CLANG_WARN_DOCUMENTATION_COMMENTS = YES;
				CLANG_WARN_EMPTY_BODY = YES;
				CLANG_WARN_ENUM_CONVERSION = YES;
				CLANG_WARN_INFINITE_RECURSION = YES;
				CLANG_WARN_INT_CONVERSION = YES;
				CLANG_WARN_NON_LITERAL_NULL_CONVERSION = YES;
				CLANG_WARN_OBJC_IMPLICIT_RETAIN_SELF = YES;
				CLANG_WARN_OBJC_LITERAL_CONVERSION = YES;
				CLANG_WARN_OBJC_ROOT_CLASS = YES_ERROR;
				CLANG_WARN_QUOTED_INCLUDE_IN_FRAMEWORK_HEADER = YES;
				CLANG_WARN_RANGE_LOOP_ANALYSIS = YES;
				CLANG_WARN_STRICT_PROTOTYPES = YES;
				CLANG_WARN_SUSPICIOUS_MOVE = YES;
				CLANG_WARN_UNGUARDED_AVAILABILITY = YES_AGGRESSIVE;
				CLANG_WARN_UNREACHABLE_CODE = YES;
				CLANG_WARN__DUPLICATE_METHOD_MATCH = YES;
				COPY_PHASE_STRIP = NO;
				DEBUG_INFORMATION_FORMAT = dwarf;
				ENABLE_STRICT_OBJC_MSGSEND = YES;
				ENABLE_TESTABILITY = YES;
				GCC_C_LANGUAGE_STANDARD = gnu11;
				GCC_DYNAMIC_NO_PIC = NO;
				GCC_NO_COMMON_BLOCKS = YES;
				GCC_OPTIMIZATION_LEVEL = 0;
				GCC_PREPROCESSOR_DEFINITIONS = (
					"DEBUG=1",
					"$(inherited)",
				);
				GCC_WARN_64_TO_32_BIT_CONVERSION = YES;
				GCC_WARN_ABOUT_RETURN_TYPE = YES_ERROR;
				GCC_WARN_UNDECLARED_SELECTOR = YES;
				GCC_WARN_UNINITIALIZED_AUTOS = YES_AGGRESSIVE;
				GCC_WARN_UNUSED_FUNCTION = YES;
				GCC_WARN_UNUSED_VARIABLE = YES;
				IPHONEOS_DEPLOYMENT_TARGET = 15.2;
				MTL_ENABLE_DEBUG_INFO = INCLUDE_SOURCE;
				MTL_FAST_MATH = YES;
				ONLY_ACTIVE_ARCH = YES;
				SDKROOT = iphoneos;
				SWIFT_ACTIVE_COMPILATION_CONDITIONS = DEBUG;
				SWIFT_OPTIMIZATION_LEVEL = "-Onone";
			};
			name = Debug;
		};
		BA95552727DA1B0100E609BB /* Release */ = {
			isa = XCBuildConfiguration;
			buildSettings = {
				ALWAYS_SEARCH_USER_PATHS = NO;
				CLANG_ANALYZER_NONNULL = YES;
				CLANG_ANALYZER_NUMBER_OBJECT_CONVERSION = YES_AGGRESSIVE;
				CLANG_CXX_LANGUAGE_STANDARD = "gnu++17";
				CLANG_CXX_LIBRARY = "libc++";
				CLANG_ENABLE_MODULES = YES;
				CLANG_ENABLE_OBJC_ARC = YES;
				CLANG_ENABLE_OBJC_WEAK = YES;
				CLANG_WARN_BLOCK_CAPTURE_AUTORELEASING = YES;
				CLANG_WARN_BOOL_CONVERSION = YES;
				CLANG_WARN_COMMA = YES;
				CLANG_WARN_CONSTANT_CONVERSION = YES;
				CLANG_WARN_DEPRECATED_OBJC_IMPLEMENTATIONS = YES;
				CLANG_WARN_DIRECT_OBJC_ISA_USAGE = YES_ERROR;
				CLANG_WARN_DOCUMENTATION_COMMENTS = YES;
				CLANG_WARN_EMPTY_BODY = YES;
				CLANG_WARN_ENUM_CONVERSION = YES;
				CLANG_WARN_INFINITE_RECURSION = YES;
				CLANG_WARN_INT_CONVERSION = YES;
				CLANG_WARN_NON_LITERAL_NULL_CONVERSION = YES;
				CLANG_WARN_OBJC_IMPLICIT_RETAIN_SELF = YES;
				CLANG_WARN_OBJC_LITERAL_CONVERSION = YES;
				CLANG_WARN_OBJC_ROOT_CLASS = YES_ERROR;
				CLANG_WARN_QUOTED_INCLUDE_IN_FRAMEWORK_HEADER = YES;
				CLANG_WARN_RANGE_LOOP_ANALYSIS = YES;
				CLANG_WARN_STRICT_PROTOTYPES = YES;
				CLANG_WARN_SUSPICIOUS_MOVE = YES;
				CLANG_WARN_UNGUARDED_AVAILABILITY = YES_AGGRESSIVE;
				CLANG_WARN_UNREACHABLE_CODE = YES;
				CLANG_WARN__DUPLICATE_METHOD_MATCH = YES;
				COPY_PHASE_STRIP = NO;
				DEBUG_INFORMATION_FORMAT = "dwarf-with-dsym";
				ENABLE_NS_ASSERTIONS = NO;
				ENABLE_STRICT_OBJC_MSGSEND = YES;
				GCC_C_LANGUAGE_STANDARD = gnu11;
				GCC_NO_COMMON_BLOCKS = YES;
				GCC_WARN_64_TO_32_BIT_CONVERSION = YES;
				GCC_WARN_ABOUT_RETURN_TYPE = YES_ERROR;
				GCC_WARN_UNDECLARED_SELECTOR = YES;
				GCC_WARN_UNINITIALIZED_AUTOS = YES_AGGRESSIVE;
				GCC_WARN_UNUSED_FUNCTION = YES;
				GCC_WARN_UNUSED_VARIABLE = YES;
				IPHONEOS_DEPLOYMENT_TARGET = 15.2;
				MTL_ENABLE_DEBUG_INFO = NO;
				MTL_FAST_MATH = YES;
				SDKROOT = iphoneos;
				SWIFT_COMPILATION_MODE = wholemodule;
				SWIFT_OPTIMIZATION_LEVEL = "-O";
				VALIDATE_PRODUCT = YES;
			};
			name = Release;
		};
		BA95552927DA1B0100E609BB /* Debug */ = {
			isa = XCBuildConfiguration;
			buildSettings = {
				ASSETCATALOG_COMPILER_APPICON_NAME = AppIcon;
				ASSETCATALOG_COMPILER_GLOBAL_ACCENT_COLOR_NAME = AccentColor;
				CODE_SIGN_STYLE = Automatic;
				CURRENT_PROJECT_VERSION = 1;
				DEVELOPMENT_ASSET_PATHS = "\"Paradumi/Preview Content\"";
				DEVELOPMENT_TEAM = P4XYP9WP44;
				ENABLE_PREVIEWS = YES;
				GENERATE_INFOPLIST_FILE = YES;
				INFOPLIST_KEY_UIApplicationSceneManifest_Generation = YES;
				INFOPLIST_KEY_UIApplicationSupportsIndirectInputEvents = YES;
				INFOPLIST_KEY_UILaunchScreen_Generation = YES;
				INFOPLIST_KEY_UISupportedInterfaceOrientations_iPad = "UIInterfaceOrientationPortrait UIInterfaceOrientationPortraitUpsideDown UIInterfaceOrientationLandscapeLeft UIInterfaceOrientationLandscapeRight";
				INFOPLIST_KEY_UISupportedInterfaceOrientations_iPhone = "UIInterfaceOrientationPortrait UIInterfaceOrientationLandscapeLeft UIInterfaceOrientationLandscapeRight";
				LD_RUNPATH_SEARCH_PATHS = (
					"$(inherited)",
					"@executable_path/Frameworks",
				);
				MARKETING_VERSION = 1.0;
				PRODUCT_BUNDLE_IDENTIFIER = com.mikslatvis.Paradumi;
				PRODUCT_NAME = "$(TARGET_NAME)";
				SWIFT_EMIT_LOC_STRINGS = YES;
				SWIFT_VERSION = 5.0;
				TARGETED_DEVICE_FAMILY = "1,2";
			};
			name = Debug;
		};
		BA95552A27DA1B0100E609BB /* Release */ = {
			isa = XCBuildConfiguration;
			buildSettings = {
				ASSETCATALOG_COMPILER_APPICON_NAME = AppIcon;
				ASSETCATALOG_COMPILER_GLOBAL_ACCENT_COLOR_NAME = AccentColor;
				CODE_SIGN_STYLE = Automatic;
				CURRENT_PROJECT_VERSION = 1;
				DEVELOPMENT_ASSET_PATHS = "\"Paradumi/Preview Content\"";
				DEVELOPMENT_TEAM = P4XYP9WP44;
				ENABLE_PREVIEWS = YES;
				GENERATE_INFOPLIST_FILE = YES;
				INFOPLIST_KEY_UIApplicationSceneManifest_Generation = YES;
				INFOPLIST_KEY_UIApplicationSupportsIndirectInputEvents = YES;
				INFOPLIST_KEY_UILaunchScreen_Generation = YES;
				INFOPLIST_KEY_UISupportedInterfaceOrientations_iPad = "UIInterfaceOrientationPortrait UIInterfaceOrientationPortraitUpsideDown UIInterfaceOrientationLandscapeLeft UIInterfaceOrientationLandscapeRight";
				INFOPLIST_KEY_UISupportedInterfaceOrientations_iPhone = "UIInterfaceOrientationPortrait UIInterfaceOrientationLandscapeLeft UIInterfaceOrientationLandscapeRight";
				LD_RUNPATH_SEARCH_PATHS = (
					"$(inherited)",
					"@executable_path/Frameworks",
				);
				MARKETING_VERSION = 1.0;
				PRODUCT_BUNDLE_IDENTIFIER = com.mikslatvis.Paradumi;
				PRODUCT_NAME = "$(TARGET_NAME)";
				SWIFT_EMIT_LOC_STRINGS = YES;
				SWIFT_VERSION = 5.0;
				TARGETED_DEVICE_FAMILY = "1,2";
			};
			name = Release;
		};
/* End XCBuildConfiguration section */

/* Begin XCConfigurationList section */
		BA95551527DA1B0000E609BB /* Build configuration list for PBXProject "Paradumi" */ = {
			isa = XCConfigurationList;
			buildConfigurations = (
				BA95552627DA1B0100E609BB /* Debug */,
				BA95552727DA1B0100E609BB /* Release */,
			);
			defaultConfigurationIsVisible = 0;
			defaultConfigurationName = Release;
		};
		BA95552827DA1B0100E609BB /* Build configuration list for PBXNativeTarget "Paradumi" */ = {
			isa = XCConfigurationList;
			buildConfigurations = (
				BA95552927DA1B0100E609BB /* Debug */,
				BA95552A27DA1B0100E609BB /* Release */,
			);
			defaultConfigurationIsVisible = 0;
			defaultConfigurationName = Release;
		};
/* End XCConfigurationList section */
	};
	rootObject = BA95551227DA1B0000E609BB /* Project object */;
}
